
Microsoft Visual Studio Solution File, Format Version 12.00
# Visual Studio Version 17
VisualStudioVersion = 17.4.33403.182
MinimumVisualStudioVersion = 10.0.40219.1
Project("{FAE04EC0-301F-11D3-BF4B-00C04F79EFBC}") = "DuHoc", "DuHoc\DuHoc.csproj", "{F8A29DB6-7668-4AEF-9DFC-2F344AFF068C}"
EndProject
Global
	GlobalSection(SolutionConfigurationPlatforms) = preSolution
		Debug|Any CPU = Debug|Any CPU
		Release|Any CPU = Release|Any CPU
	EndGlobalSection
	GlobalSection(ProjectConfigurationPlatforms) = postSolution
		{F8A29DB6-7668-4AEF-9DFC-2F344AFF068C}.Debug|Any CPU.ActiveCfg = Debug|Any CPU
		{F8A29DB6-7668-4AEF-9DFC-2F344AFF068C}.Debug|Any CPU.Build.0 = Debug|Any CPU
		{F8A29DB6-7668-4AEF-9DFC-2F344AFF068C}.Release|Any CPU.ActiveCfg = Release|Any CPU
		{F8A29DB6-7668-4AEF-9DFC-2F344AFF068C}.Release|Any CPU.Build.0 = Release|Any CPU
	EndGlobalSection
	GlobalSection(SolutionProperties) = preSolution
		HideSolutionNode = FALSE
	EndGlobalSection
	GlobalSection(ExtensibilityGlobals) = postSolution
		SolutionGuid = {BD107D5E-A5DB-4A0A-ACB7-0450F1BE6326}
	EndGlobalSection
EndGlobal
